
Microsoft Visual Studio Solution File, Format Version 12.00
# Visual Studio Version 17
VisualStudioVersion = 17.5.33414.496
MinimumVisualStudioVersion = 10.0.40219.1
Project("{2150E333-8FDC-42A3-9474-1A3956D46DE8}") = "Services", "Services", "{42A09F74-46CD-49FD-8B87-DB5C836A52AC}"
EndProject
Project("{2150E333-8FDC-42A3-9474-1A3956D46DE8}") = "Catalog", "Catalog", "{D780E965-FF53-405E-8E46-161318D23290}"
EndProject
Project("{9A19103F-16F7-4668-BE54-9A1E7A4F7556}") = "MarketPlace.Catalog", "Services\Catalog\MarketPlace.Catalog\MarketPlace.Catalog.csproj", "{A90A3D1C-9978-45FB-9906-D6F6A56CDD12}"
EndProject
Project("{2150E333-8FDC-42A3-9474-1A3956D46DE8}") = "Solution Items", "Solution Items", "{F5FD6060-4127-4CA5-8862-467A2BCBF863}"
	ProjectSection(SolutionItems) = preProject
		docker-compose.override.yml = docker-compose.override.yml
		docker-compose.yml = docker-compose.yml
		Ports.txt = Ports.txt
	EndProjectSection
EndProject
Project("{2150E333-8FDC-42A3-9474-1A3956D46DE8}") = "Shared", "Shared", "{E68E5AA9-D027-44C0-8B61-84B4FFDCB0F3}"
EndProject
Project("{9A19103F-16F7-4668-BE54-9A1E7A4F7556}") = "MarketPlace.Shared", "Shared\MarketPlace.Shared\MarketPlace.Shared.csproj", "{C7D7AE24-1AC1-4BF8-BD33-F5FF3BFCF141}"
EndProject
Project("{2150E333-8FDC-42A3-9474-1A3956D46DE8}") = "IdentityServer", "IdentityServer", "{44D9C866-2C41-42B2-B75C-C3AF75187108}"
EndProject
Project("{9A19103F-16F7-4668-BE54-9A1E7A4F7556}") = "MarketPlace.IdentityServer", "IdentityServer\MarketPlace.IdentityServer\MarketPlace.IdentityServer.csproj", "{E9486E59-D572-459F-B313-52F8964D0077}"
EndProject
Project("{2150E333-8FDC-42A3-9474-1A3956D46DE8}") = "PhotoStock", "PhotoStock", "{2DFFFC54-F13C-474A-9A69-A20AACA130C1}"
EndProject
Project("{2150E333-8FDC-42A3-9474-1A3956D46DE8}") = "Basket", "Basket", "{8AB608BA-8110-4597-9B75-D11AF9D532CB}"
EndProject
Project("{2150E333-8FDC-42A3-9474-1A3956D46DE8}") = "Discount", "Discount", "{BA40C479-E918-46C3-8B59-A8145526F803}"
EndProject
Project("{2150E333-8FDC-42A3-9474-1A3956D46DE8}") = "Order", "Order", "{E2DF123F-A15D-4686-9957-1496B485F907}"
EndProject
Project("{9A19103F-16F7-4668-BE54-9A1E7A4F7556}") = "MarketPlace.Order.API", "Services\Order\MarketPlace.Order.API\MarketPlace.Order.API.csproj", "{DCBF60B9-FDC2-4506-85AA-408DF5231408}"
EndProject
Project("{9A19103F-16F7-4668-BE54-9A1E7A4F7556}") = "MarketPlace.Order.Application", "Services\Order\MarketPlace.Order.Application\MarketPlace.Order.Application.csproj", "{DC1FBB40-60D1-45A7-AED1-C3C4F1D1BF1B}"
EndProject
Project("{9A19103F-16F7-4668-BE54-9A1E7A4F7556}") = "MarketPlace.Order.Domain", "Services\Order\MarketPlace.Order.Domain\MarketPlace.Order.Domain.csproj", "{0B2D76A3-23F0-4DAD-B222-4B76C2BC5DBF}"
EndProject
Project("{9A19103F-16F7-4668-BE54-9A1E7A4F7556}") = "MarketPlace.Order.Infrastructure", "Services\Order\MarketPlace.Order.Infrastructure\MarketPlace.Order.Infrastructure.csproj", "{98494482-4A53-4FEF-86FE-D989DCBBE99B}"
EndProject
Project("{9A19103F-16F7-4668-BE54-9A1E7A4F7556}") = "MarketPlace.Order.Domain.Core", "Services\Order\MarketPlace.Order.Domain.Core\MarketPlace.Order.Domain.Core.csproj", "{AA5A17FF-1147-4D65-9F2E-82415A148A56}"
EndProject
Project("{2150E333-8FDC-42A3-9474-1A3956D46DE8}") = "FakePayment", "FakePayment", "{59233557-7533-4770-8895-E5CBCECBCC63}"
EndProject
Project("{9A19103F-16F7-4668-BE54-9A1E7A4F7556}") = "MarketPlace.Services.FakePayment", "Services\FakePayment\MarketPlace.Services.FakePayment\MarketPlace.Services.FakePayment.csproj", "{1296D58B-384E-4376-900A-9771BB82554C}"
EndProject
Project("{2150E333-8FDC-42A3-9474-1A3956D46DE8}") = "Gateway", "Gateway", "{11C60700-3CE3-4C37-B8FD-DF5AFF99B25E}"
EndProject
Project("{9A19103F-16F7-4668-BE54-9A1E7A4F7556}") = "MarketPlace.Gateway", "Gateway\MarketPlace.Gateway\MarketPlace.Gateway.csproj", "{B6CE179C-EF54-405D-82B3-94B116681763}"
EndProject
Project("{9A19103F-16F7-4668-BE54-9A1E7A4F7556}") = "MarketPlace.Basket", "Services\Basket\MarketPlace.Basket\MarketPlace.Basket.csproj", "{5D468E4B-8313-43FB-83BF-C8787D828B56}"
EndProject
Project("{9A19103F-16F7-4668-BE54-9A1E7A4F7556}") = "MarketPlace.Discount", "Services\Discount\MarketPlace.Discount\MarketPlace.Discount.csproj", "{4CADD7D4-47F1-47E9-993F-20789CE41BAB}"
EndProject
Project("{9A19103F-16F7-4668-BE54-9A1E7A4F7556}") = "MarketPlace.PhotoStock", "Services\PhotoStock\MarketPlace.FotoStock\MarketPlace.PhotoStock.csproj", "{98032612-5E92-491B-9906-381769824E1D}"
EndProject
Project("{2150E333-8FDC-42A3-9474-1A3956D46DE8}") = "Frontends", "Frontends", "{584BE8B3-95EE-4C4B-9A5B-40C80A6EA6A2}"
EndProject
Project("{9A19103F-16F7-4668-BE54-9A1E7A4F7556}") = "MarketPlace.Web", "Frontends\MarketPlace.Web\MarketPlace.Web.csproj", "{B0F9F9B3-777F-4181-848A-540D9BF6A42E}"
EndProject
Project("{2150E333-8FDC-42A3-9474-1A3956D46DE8}") = "MicroserviceDatabases", "MicroserviceDatabases", "{F9A5D4A9-CC69-4CC3-B95F-1512BAE31C5F}"
	ProjectSection(SolutionItems) = preProject
		docker-compose.override.yml = docker-compose.override.yml
		docker-compose.yml = docker-compose.yml
	EndProjectSection
EndProject
Global
	GlobalSection(SolutionConfigurationPlatforms) = preSolution
		Debug|Any CPU = Debug|Any CPU
		Release|Any CPU = Release|Any CPU
	EndGlobalSection
	GlobalSection(ProjectConfigurationPlatforms) = postSolution
		{A90A3D1C-9978-45FB-9906-D6F6A56CDD12}.Debug|Any CPU.ActiveCfg = Debug|Any CPU
		{A90A3D1C-9978-45FB-9906-D6F6A56CDD12}.Debug|Any CPU.Build.0 = Debug|Any CPU
		{A90A3D1C-9978-45FB-9906-D6F6A56CDD12}.Release|Any CPU.ActiveCfg = Release|Any CPU
		{A90A3D1C-9978-45FB-9906-D6F6A56CDD12}.Release|Any CPU.Build.0 = Release|Any CPU
		{C7D7AE24-1AC1-4BF8-BD33-F5FF3BFCF141}.Debug|Any CPU.ActiveCfg = Debug|Any CPU
		{C7D7AE24-1AC1-4BF8-BD33-F5FF3BFCF141}.Debug|Any CPU.Build.0 = Debug|Any CPU
		{C7D7AE24-1AC1-4BF8-BD33-F5FF3BFCF141}.Release|Any CPU.ActiveCfg = Release|Any CPU
		{C7D7AE24-1AC1-4BF8-BD33-F5FF3BFCF141}.Release|Any CPU.Build.0 = Release|Any CPU
		{E9486E59-D572-459F-B313-52F8964D0077}.Debug|Any CPU.ActiveCfg = Debug|Any CPU
		{E9486E59-D572-459F-B313-52F8964D0077}.Debug|Any CPU.Build.0 = Debug|Any CPU
		{E9486E59-D572-459F-B313-52F8964D0077}.Release|Any CPU.ActiveCfg = Release|Any CPU
		{E9486E59-D572-459F-B313-52F8964D0077}.Release|Any CPU.Build.0 = Release|Any CPU
		{DCBF60B9-FDC2-4506-85AA-408DF5231408}.Debug|Any CPU.ActiveCfg = Debug|Any CPU
		{DCBF60B9-FDC2-4506-85AA-408DF5231408}.Debug|Any CPU.Build.0 = Debug|Any CPU
		{DCBF60B9-FDC2-4506-85AA-408DF5231408}.Release|Any CPU.ActiveCfg = Release|Any CPU
		{DCBF60B9-FDC2-4506-85AA-408DF5231408}.Release|Any CPU.Build.0 = Release|Any CPU
		{DC1FBB40-60D1-45A7-AED1-C3C4F1D1BF1B}.Debug|Any CPU.ActiveCfg = Debug|Any CPU
		{DC1FBB40-60D1-45A7-AED1-C3C4F1D1BF1B}.Debug|Any CPU.Build.0 = Debug|Any CPU
		{DC1FBB40-60D1-45A7-AED1-C3C4F1D1BF1B}.Release|Any CPU.ActiveCfg = Release|Any CPU
		{DC1FBB40-60D1-45A7-AED1-C3C4F1D1BF1B}.Release|Any CPU.Build.0 = Release|Any CPU
		{0B2D76A3-23F0-4DAD-B222-4B76C2BC5DBF}.Debug|Any CPU.ActiveCfg = Debug|Any CPU
		{0B2D76A3-23F0-4DAD-B222-4B76C2BC5DBF}.Debug|Any CPU.Build.0 = Debug|Any CPU
		{0B2D76A3-23F0-4DAD-B222-4B76C2BC5DBF}.Release|Any CPU.ActiveCfg = Release|Any CPU
		{0B2D76A3-23F0-4DAD-B222-4B76C2BC5DBF}.Release|Any CPU.Build.0 = Release|Any CPU
		{98494482-4A53-4FEF-86FE-D989DCBBE99B}.Debug|Any CPU.ActiveCfg = Debug|Any CPU
		{98494482-4A53-4FEF-86FE-D989DCBBE99B}.Debug|Any CPU.Build.0 = Debug|Any CPU
		{98494482-4A53-4FEF-86FE-D989DCBBE99B}.Release|Any CPU.ActiveCfg = Release|Any CPU
		{98494482-4A53-4FEF-86FE-D989DCBBE99B}.Release|Any CPU.Build.0 = Release|Any CPU
		{AA5A17FF-1147-4D65-9F2E-82415A148A56}.Debug|Any CPU.ActiveCfg = Debug|Any CPU
		{AA5A17FF-1147-4D65-9F2E-82415A148A56}.Debug|Any CPU.Build.0 = Debug|Any CPU
		{AA5A17FF-1147-4D65-9F2E-82415A148A56}.Release|Any CPU.ActiveCfg = Release|Any CPU
		{AA5A17FF-1147-4D65-9F2E-82415A148A56}.Release|Any CPU.Build.0 = Release|Any CPU
		{1296D58B-384E-4376-900A-9771BB82554C}.Debug|Any CPU.ActiveCfg = Debug|Any CPU
		{1296D58B-384E-4376-900A-9771BB82554C}.Debug|Any CPU.Build.0 = Debug|Any CPU
		{1296D58B-384E-4376-900A-9771BB82554C}.Release|Any CPU.ActiveCfg = Release|Any CPU
		{1296D58B-384E-4376-900A-9771BB82554C}.Release|Any CPU.Build.0 = Release|Any CPU
		{B6CE179C-EF54-405D-82B3-94B116681763}.Debug|Any CPU.ActiveCfg = Debug|Any CPU
		{B6CE179C-EF54-405D-82B3-94B116681763}.Debug|Any CPU.Build.0 = Debug|Any CPU
		{B6CE179C-EF54-405D-82B3-94B116681763}.Release|Any CPU.ActiveCfg = Release|Any CPU
		{B6CE179C-EF54-405D-82B3-94B116681763}.Release|Any CPU.Build.0 = Release|Any CPU
		{5D468E4B-8313-43FB-83BF-C8787D828B56}.Debug|Any CPU.ActiveCfg = Debug|Any CPU
		{5D468E4B-8313-43FB-83BF-C8787D828B56}.Debug|Any CPU.Build.0 = Debug|Any CPU
		{5D468E4B-8313-43FB-83BF-C8787D828B56}.Release|Any CPU.ActiveCfg = Release|Any CPU
		{5D468E4B-8313-43FB-83BF-C8787D828B56}.Release|Any CPU.Build.0 = Release|Any CPU
		{4CADD7D4-47F1-47E9-993F-20789CE41BAB}.Debug|Any CPU.ActiveCfg = Debug|Any CPU
		{4CADD7D4-47F1-47E9-993F-20789CE41BAB}.Debug|Any CPU.Build.0 = Debug|Any CPU
		{4CADD7D4-47F1-47E9-993F-20789CE41BAB}.Release|Any CPU.ActiveCfg = Release|Any CPU
		{4CADD7D4-47F1-47E9-993F-20789CE41BAB}.Release|Any CPU.Build.0 = Release|Any CPU
		{98032612-5E92-491B-9906-381769824E1D}.Debug|Any CPU.ActiveCfg = Debug|Any CPU
		{98032612-5E92-491B-9906-381769824E1D}.Debug|Any CPU.Build.0 = Debug|Any CPU
		{98032612-5E92-491B-9906-381769824E1D}.Release|Any CPU.ActiveCfg = Release|Any CPU
		{98032612-5E92-491B-9906-381769824E1D}.Release|Any CPU.Build.0 = Release|Any CPU
		{B0F9F9B3-777F-4181-848A-540D9BF6A42E}.Debug|Any CPU.ActiveCfg = Debug|Any CPU
		{B0F9F9B3-777F-4181-848A-540D9BF6A42E}.Debug|Any CPU.Build.0 = Debug|Any CPU
		{B0F9F9B3-777F-4181-848A-540D9BF6A42E}.Release|Any CPU.ActiveCfg = Release|Any CPU
		{B0F9F9B3-777F-4181-848A-540D9BF6A42E}.Release|Any CPU.Build.0 = Release|Any CPU
	EndGlobalSection
	GlobalSection(SolutionProperties) = preSolution
		HideSolutionNode = FALSE
	EndGlobalSection
	GlobalSection(NestedProjects) = preSolution
		{D780E965-FF53-405E-8E46-161318D23290} = {42A09F74-46CD-49FD-8B87-DB5C836A52AC}
		{A90A3D1C-9978-45FB-9906-D6F6A56CDD12} = {D780E965-FF53-405E-8E46-161318D23290}
		{C7D7AE24-1AC1-4BF8-BD33-F5FF3BFCF141} = {E68E5AA9-D027-44C0-8B61-84B4FFDCB0F3}
		{E9486E59-D572-459F-B313-52F8964D0077} = {44D9C866-2C41-42B2-B75C-C3AF75187108}
		{2DFFFC54-F13C-474A-9A69-A20AACA130C1} = {42A09F74-46CD-49FD-8B87-DB5C836A52AC}
		{8AB608BA-8110-4597-9B75-D11AF9D532CB} = {42A09F74-46CD-49FD-8B87-DB5C836A52AC}
		{BA40C479-E918-46C3-8B59-A8145526F803} = {42A09F74-46CD-49FD-8B87-DB5C836A52AC}
		{E2DF123F-A15D-4686-9957-1496B485F907} = {42A09F74-46CD-49FD-8B87-DB5C836A52AC}
		{DCBF60B9-FDC2-4506-85AA-408DF5231408} = {E2DF123F-A15D-4686-9957-1496B485F907}
		{DC1FBB40-60D1-45A7-AED1-C3C4F1D1BF1B} = {E2DF123F-A15D-4686-9957-1496B485F907}
		{0B2D76A3-23F0-4DAD-B222-4B76C2BC5DBF} = {E2DF123F-A15D-4686-9957-1496B485F907}
		{98494482-4A53-4FEF-86FE-D989DCBBE99B} = {E2DF123F-A15D-4686-9957-1496B485F907}
		{AA5A17FF-1147-4D65-9F2E-82415A148A56} = {E2DF123F-A15D-4686-9957-1496B485F907}
		{59233557-7533-4770-8895-E5CBCECBCC63} = {42A09F74-46CD-49FD-8B87-DB5C836A52AC}
		{1296D58B-384E-4376-900A-9771BB82554C} = {59233557-7533-4770-8895-E5CBCECBCC63}
		{B6CE179C-EF54-405D-82B3-94B116681763} = {11C60700-3CE3-4C37-B8FD-DF5AFF99B25E}
		{5D468E4B-8313-43FB-83BF-C8787D828B56} = {8AB608BA-8110-4597-9B75-D11AF9D532CB}
		{4CADD7D4-47F1-47E9-993F-20789CE41BAB} = {BA40C479-E918-46C3-8B59-A8145526F803}
		{98032612-5E92-491B-9906-381769824E1D} = {2DFFFC54-F13C-474A-9A69-A20AACA130C1}
		{B0F9F9B3-777F-4181-848A-540D9BF6A42E} = {584BE8B3-95EE-4C4B-9A5B-40C80A6EA6A2}
	EndGlobalSection
	GlobalSection(ExtensibilityGlobals) = postSolution
		SolutionGuid = {03C2147F-F882-43A0-AF00-5E4901C680E5}
	EndGlobalSection
EndGlobal
